{
  "originHash" : "f97a5535fa970f5c9c5a276bea73bf6217f30403e90d698031a8ba4b237cc1af",
  "pins" : [
    {
      "identity" : "atprototypes",
      "kind" : "remoteSourceControl",
      "location" : "https://github.com/germ-network/AtprotoTypes.git",
      "state" : {
        "revision" : "46d9cc0972f6ed9ad4efb9b5ec8191d5fddf875a",
        "version" : "0.0.2"
      }
    },
    {
      "identity" : "base32",
      "kind" : "remoteSourceControl",
      "location" : "https://github.com/Jarema/Base32.git",
      "state" : {
        "revision" : "7f723a2e55f1c76e7c79263aebf89dbfcd58e77d",
        "version" : "0.10.2"
      }
    }
  ],
  "version" : 3
}
