{
  "originHash" : "6ebb59c1d49adf46bb1c8e007f45b016407dc32853f3d3e62ae2597dc9f32769",
  "pins" : [
    {
      "identity" : "atprototypes",
      "kind" : "remoteSourceControl",
      "location" : "https://github.com/germ-network/AtprotoTypes.git",
      "state" : {
        "revision" : "46d9cc0972f6ed9ad4efb9b5ec8191d5fddf875a",
        "version" : "0.0.2"
      }
    },
    {
      "identity" : "base32",
      "kind" : "remoteSourceControl",
      "location" : "https://github.com/Jarema/Base32.git",
      "state" : {
        "revision" : "7f723a2e55f1c76e7c79263aebf89dbfcd58e77d",
        "version" : "0.10.2"
      }
    },
    {
      "identity" : "germconvenience",
      "kind" : "remoteSourceControl",
      "location" : "https://github.com/germ-network/GermConvenience.git",
      "state" : {
        "branch" : "reorg/rename+mocks",
        "revision" : "0ffbfa63a7819405e367382276c4a1014b0fa98c"
      }
    },
    {
      "identity" : "swift-http-types",
      "kind" : "remoteSourceControl",
      "location" : "https://github.com/apple/swift-http-types.git",
      "state" : {
        "revision" : "45eb0224913ea070ec4fba17291b9e7ecf4749ca",
        "version" : "1.5.1"
      }
    }
  ],
  "version" : 3
}
